
Microsoft Visual Studio Solution File, Format Version 12.00
# Visual Studio Version 17
VisualStudioVersion = 17.7.34031.279
MinimumVisualStudioVersion = 10.0.40219.1
Project("{FAE04EC0-301F-11D3-BF4B-00C04F79EFBC}") = "Pokedex", "Pokedex\Pokedex.csproj", "{B6585352-61FC-4D3A-9800-FA82B4D1CD44}"
EndProject
Global
	GlobalSection(SolutionConfigurationPlatforms) = preSolution
		Debug|Any CPU = Debug|Any CPU
		Release|Any CPU = Release|Any CPU
	EndGlobalSection
	GlobalSection(ProjectConfigurationPlatforms) = postSolution
		{B6585352-61FC-4D3A-9800-FA82B4D1CD44}.Debug|Any CPU.ActiveCfg = Debug|Any CPU
		{B6585352-61FC-4D3A-9800-FA82B4D1CD44}.Debug|Any CPU.Build.0 = Debug|Any CPU
		{B6585352-61FC-4D3A-9800-FA82B4D1CD44}.Release|Any CPU.ActiveCfg = Release|Any CPU
		{B6585352-61FC-4D3A-9800-FA82B4D1CD44}.Release|Any CPU.Build.0 = Release|Any CPU
	EndGlobalSection
	GlobalSection(SolutionProperties) = preSolution
		HideSolutionNode = FALSE
	EndGlobalSection
	GlobalSection(ExtensibilityGlobals) = postSolution
		SolutionGuid = {0AEFCB32-ABE8-4CCB-BE47-417BF01B6AB6}
	EndGlobalSection
EndGlobal
